# This file is automatically @generated by Cargo.
# It is not intended for manual editing.
version = 4

[[package]]
name = "rustbag"
version = "0.1.0"
dependencies = [
 "rustbag-core",
 "rustbag-msgs",
]

[[package]]
name = "rustbag-core"
version = "0.1.0"

[[package]]
name = "rustbag-msgs"
version = "0.1.0"
